<Solution>
  <Folder Name="/src/" />
  <Folder Name="/src/AppHost/">
    <Project Path="src/AppHost/FestOS.AppHost.csproj" />
  </Folder>
  <Folder Name="/src/BuildingBlocks/">
    <Project Path="src/BuildingBlocks/FestOS.BuildingBlocks.Application/FestOS.BuildingBlocks.Application.csproj" />
    <Project Path="src/BuildingBlocks/FestOS.BuildingBlocks.Contracts/FestOS.BuildingBlocks.Contracts.csproj" />
    <Project Path="src/BuildingBlocks/FestOS.BuildingBlocks.Domain/FestOS.BuildingBlocks.Domain.csproj" />
    <Project Path="src/BuildingBlocks/FestOS.BuildingBlocks.Infrastructure/FestOS.BuildingBlocks.Infrastructure.csproj" />
  </Folder>
  <Folder Name="/src/Host/">
    <Project Path="src/Host/FestOS.Host.csproj" />
  </Folder>
  <Folder Name="/src/Modules/" />
  <Folder Name="/src/Modules/Audit/">
    <Project Path="src/Modules/Audit/FestOS.Modules.Audit.Infrastructure/FestOS.Modules.Audit.Infrastructure.csproj" />
  </Folder>
  <Folder Name="/src/Modules/Identity/">
    <Project Path="src/Modules/Identity/FestOS.Modules.Identity.Application/FestOS.Modules.Identity.Application.csproj" />
    <Project Path="src/Modules/Identity/FestOS.Modules.Identity.Domain/FestOS.Modules.Identity.Domain.csproj" />
    <Project Path="src/Modules/Identity/FestOS.Modules.Identity.Infrastructure/FestOS.Modules.Identity.Infrastructure.csproj" />
  </Folder>
  <Folder Name="/src/Modules/Riders/">
    <Project Path="src/Modules/Riders/FestOS.Modules.Riders.Application/FestOS.Modules.Riders.Application.csproj" />
    <Project Path="src/Modules/Riders/FestOS.Modules.Riders.Contracts/FestOS.Modules.Riders.Contracts.csproj" />
    <Project Path="src/Modules/Riders/FestOS.Modules.Riders.Domain/FestOS.Modules.Riders.Domain.csproj" />
    <Project Path="src/Modules/Riders/FestOS.Modules.Riders.Infrastructure/FestOS.Modules.Riders.Infrastructure.csproj" />
    <Project Path="src/Modules/Riders/FestOS.Modules.Riders.IntegrationEvents/FestOS.Modules.Riders.IntegrationEvents.csproj" />
  </Folder>
  <Folder Name="/src/Modules/Venues/">
    <Project Path="src/Modules/Venues/FestOS.Modules.Venues.Application/FestOS.Modules.Venues.Application.csproj" />
    <Project Path="src/Modules/Venues/FestOS.Modules.Venues.Contracts/FestOS.Modules.Venues.Contracts.csproj" />
    <Project Path="src/Modules/Venues/FestOS.Modules.Venues.Domain/FestOS.Modules.Venues.Domain.csproj" />
    <Project Path="src/Modules/Venues/FestOS.Modules.Venues.Infrastructure/FestOS.Modules.Venues.Infrastructure.csproj" />
    <Project Path="src/Modules/Venues/FestOS.Modules.Venues.IntegrationEvents/FestOS.Modules.Venues.IntegrationEvents.csproj" />
  </Folder>
  <Folder Name="/src/Modules/Catalog/">
    <Project Path="src/Modules/Catalog/FestOS.Modules.Catalog.Application/FestOS.Modules.Catalog.Application.csproj" />
    <Project Path="src/Modules/Catalog/FestOS.Modules.Catalog.Contracts/FestOS.Modules.Catalog.Contracts.csproj" />
    <Project Path="src/Modules/Catalog/FestOS.Modules.Catalog.Domain/FestOS.Modules.Catalog.Domain.csproj" />
    <Project Path="src/Modules/Catalog/FestOS.Modules.Catalog.Infrastructure/FestOS.Modules.Catalog.Infrastructure.csproj" />
  </Folder>
  <Folder Name="/src/Modules/Parties/">
    <Project Path="src/Modules/Parties/FestOS.Modules.Parties.Application/FestOS.Modules.Parties.Application.csproj" />
    <Project Path="src/Modules/Parties/FestOS.Modules.Parties.Contracts/FestOS.Modules.Parties.Contracts.csproj" />
    <Project Path="src/Modules/Parties/FestOS.Modules.Parties.Domain/FestOS.Modules.Parties.Domain.csproj" />
    <Project Path="src/Modules/Parties/FestOS.Modules.Parties.Infrastructure/FestOS.Modules.Parties.Infrastructure.csproj" />
  </Folder>
  <Folder Name="/src/Modules/Inventory/">
    <Project Path="src/Modules/Inventory/FestOS.Modules.Inventory.Application/FestOS.Modules.Inventory.Application.csproj" />
    <Project Path="src/Modules/Inventory/FestOS.Modules.Inventory.Contracts/FestOS.Modules.Inventory.Contracts.csproj" />
    <Project Path="src/Modules/Inventory/FestOS.Modules.Inventory.Domain/FestOS.Modules.Inventory.Domain.csproj" />
    <Project Path="src/Modules/Inventory/FestOS.Modules.Inventory.Infrastructure/FestOS.Modules.Inventory.Infrastructure.csproj" />
    <Project Path="src/Modules/Inventory/FestOS.Modules.Inventory.IntegrationEvents/FestOS.Modules.Inventory.IntegrationEvents.csproj" />
  </Folder>
  <Folder Name="/src/ServiceDefaults/">
    <Project Path="src/ServiceDefaults/FestOS.ServiceDefaults.csproj" />
  </Folder>
  <Folder Name="/tests/" />
  <Folder Name="/tests/ArchitectureTests/">
    <Project Path="tests/ArchitectureTests/FestOS.ArchitectureTests/FestOS.ArchitectureTests.csproj" />
  </Folder>
  <Folder Name="/tests/BuildingBlocks/">
    <Project Path="tests/BuildingBlocks/FestOS.BuildingBlocks.IntegrationTests/FestOS.BuildingBlocks.IntegrationTests.csproj" />
    <Project Path="tests/BuildingBlocks/FestOS.BuildingBlocks.UnitTests/FestOS.BuildingBlocks.UnitTests.csproj" />
  </Folder>
  <Folder Name="/tests/Database/">
    <Project Path="tests/Database/FestOS.DatabaseTests/FestOS.DatabaseTests.csproj" />
  </Folder>
  <Folder Name="/tests/Modules/Audit/">
    <Project Path="tests/Modules/Audit/FestOS.Modules.Audit.IntegrationTests/FestOS.Modules.Audit.IntegrationTests.csproj" />
  </Folder>
  <Folder Name="/tests/Modules/Identity/">
    <Project Path="tests/Modules/Identity/FestOS.Modules.Identity.IntegrationTests/FestOS.Modules.Identity.IntegrationTests.csproj" />
    <Project Path="tests/Modules/Identity/FestOS.Modules.Identity.UnitTests/FestOS.Modules.Identity.UnitTests.csproj" />
  </Folder>
  <Folder Name="/tests/Modules/Riders/">
    <Project Path="tests/Modules/Riders/FestOS.Modules.Riders.IntegrationTests/FestOS.Modules.Riders.IntegrationTests.csproj" />
    <Project Path="tests/Modules/Riders/FestOS.Modules.Riders.UnitTests/FestOS.Modules.Riders.UnitTests.csproj" />
  </Folder>
  <Folder Name="/tests/Modules/Venues/">
    <Project Path="tests/Modules/Venues/FestOS.Modules.Venues.IntegrationTests/FestOS.Modules.Venues.IntegrationTests.csproj" />
    <Project Path="tests/Modules/Venues/FestOS.Modules.Venues.UnitTests/FestOS.Modules.Venues.UnitTests.csproj" />
  </Folder>
  <Folder Name="/tests/Modules/Catalog/">
    <Project Path="tests/Modules/Catalog/FestOS.Modules.Catalog.IntegrationTests/FestOS.Modules.Catalog.IntegrationTests.csproj" />
    <Project Path="tests/Modules/Catalog/FestOS.Modules.Catalog.UnitTests/FestOS.Modules.Catalog.UnitTests.csproj" />
  </Folder>
  <Folder Name="/tests/Modules/Parties/">
    <Project Path="tests/Modules/Parties/FestOS.Modules.Parties.IntegrationTests/FestOS.Modules.Parties.IntegrationTests.csproj" />
    <Project Path="tests/Modules/Parties/FestOS.Modules.Parties.UnitTests/FestOS.Modules.Parties.UnitTests.csproj" />
  </Folder>
  <Folder Name="/tests/Modules/Inventory/">
    <Project Path="tests/Modules/Inventory/FestOS.Modules.Inventory.IntegrationTests/FestOS.Modules.Inventory.IntegrationTests.csproj" />
    <Project Path="tests/Modules/Inventory/FestOS.Modules.Inventory.UnitTests/FestOS.Modules.Inventory.UnitTests.csproj" />
  </Folder>
  <Folder Name="/tests/Testing/">
    <Project Path="tests/Testing/FestOS.Modules.Sample/FestOS.Modules.Sample.csproj" />
    <Project Path="tests/Testing/FestOS.Testing/FestOS.Testing.csproj" />
  </Folder>
</Solution>
